
Microsoft Visual Studio Solution File, Format Version 12.00
# Visual Studio Version 16
VisualStudioVersion = 16.0.31005.135
MinimumVisualStudioVersion = 10.0.40219.1
Project("{FAE04EC0-301F-11D3-BF4B-00C04F79EFBC}") = "welcome", "welcome.csproj", "{0616FEDD-DEFD-4627-B654-B2BC2DA72955}"
EndProject
Global
	GlobalSection(SolutionConfigurationPlatforms) = preSolution
		Debug|Any CPU = Debug|Any CPU
		Release|Any CPU = Release|Any CPU
	EndGlobalSection
	GlobalSection(ProjectConfigurationPlatforms) = postSolution
		{0616FEDD-DEFD-4627-B654-B2BC2DA72955}.Debug|Any CPU.ActiveCfg = Debug|Any CPU
		{0616FEDD-DEFD-4627-B654-B2BC2DA72955}.Debug|Any CPU.Build.0 = Debug|Any CPU
		{0616FEDD-DEFD-4627-B654-B2BC2DA72955}.Release|Any CPU.ActiveCfg = Release|Any CPU
		{0616FEDD-DEFD-4627-B654-B2BC2DA72955}.Release|Any CPU.Build.0 = Release|Any CPU
	EndGlobalSection
	GlobalSection(SolutionProperties) = preSolution
		HideSolutionNode = FALSE
	EndGlobalSection
	GlobalSection(ExtensibilityGlobals) = postSolution
		SolutionGuid = {C8E18700-3B79-4232-A936-18686BA2FA91}
	EndGlobalSection
EndGlobal
